Microsoft Visual Studio Solution File, Format Version 12.00
# Visual Studio Version 16
VisualStudioVersion = 16.0.29503.13
MinimumVisualStudioVersion = 15.0.26124.0
Project("{9A19103F-16F7-4668-BE54-9A1E7A4F7556}") = "MacroEditorConfig", "MacroEditorConfig\MacroEditorConfig.csproj", "{FD28B36F-A247-411A-8BF0-18517B81EBE2}"
EndProject
Project("{2150E333-8FDC-42A3-9474-1A3956D46DE8}") = "nugit-MacroExceptions", "nugit-MacroExceptions", "{F8694E60-F1B4-42BD-BC40-A9186AA8A7B4}"
EndProject
Project("{9A19103F-16F7-4668-BE54-9A1E7A4F7556}") = "MacroExceptions", "..\MacroExceptions\MacroExceptions\MacroExceptions.csproj", "{F08677E5-1D82-4586-AE1D-D1AC369A2B39}"
EndProject
Project("{2150E333-8FDC-42A3-9474-1A3956D46DE8}") = "nugit-MacroIO", "nugit-MacroIO", "{B2CE0BCE-DB62-4A34-B41F-7D61B245DB8F}"
EndProject
Project("{9A19103F-16F7-4668-BE54-9A1E7A4F7556}") = "MacroIO", "..\MacroIO\MacroIO\MacroIO.csproj", "{94237EBB-D843-4575-8426-09B7E4524AF9}"
EndProject
Project("{2150E333-8FDC-42A3-9474-1A3956D46DE8}") = "nugit-MacroSystem", "nugit-MacroSystem", "{EEDB8ED8-1856-4F83-9C0A-9374939E2F08}"
EndProject
Project("{9A19103F-16F7-4668-BE54-9A1E7A4F7556}") = "MacroSystem", "..\MacroSystem\MacroSystem\MacroSystem.csproj", "{7C2D7D47-3718-4D2B-BE57-2276C06E7F34}"
EndProject
Project("{2150E333-8FDC-42A3-9474-1A3956D46DE8}") = "nugit-MacroGuards", "nugit-MacroGuards", "{5DB9983E-2C6C-4662-8FF6-41DDFB0C698A}"
EndProject
Project("{9A19103F-16F7-4668-BE54-9A1E7A4F7556}") = "MacroGuards", "..\MacroGuards\MacroGuards\MacroGuards.csproj", "{EADBBE65-3D8A-42E8-AB55-9E4F6CC24C9B}"
EndProject
Project("{9A19103F-16F7-4668-BE54-9A1E7A4F7556}") = "MacroEditorConfig.Tests", "MacroEditorConfig.Tests\MacroEditorConfig.Tests.csproj", "{CBCD53C2-A61C-416D-9462-479F31C6E3F0}"
EndProject
Global
	GlobalSection(SolutionConfigurationPlatforms) = preSolution
		Debug|Any CPU = Debug|Any CPU
		Debug|x64 = Debug|x64
		Debug|x86 = Debug|x86
		Release|Any CPU = Release|Any CPU
		Release|x64 = Release|x64
		Release|x86 = Release|x86
	EndGlobalSection
	GlobalSection(ProjectConfigurationPlatforms) = postSolution
		{FD28B36F-A247-411A-8BF0-18517B81EBE2}.Debug|Any CPU.ActiveCfg = Debug|Any CPU
		{FD28B36F-A247-411A-8BF0-18517B81EBE2}.Debug|Any CPU.Build.0 = Debug|Any CPU
		{FD28B36F-A247-411A-8BF0-18517B81EBE2}.Debug|x64.ActiveCfg = Debug|Any CPU
		{FD28B36F-A247-411A-8BF0-18517B81EBE2}.Debug|x64.Build.0 = Debug|Any CPU
		{FD28B36F-A247-411A-8BF0-18517B81EBE2}.Debug|x86.ActiveCfg = Debug|Any CPU
		{FD28B36F-A247-411A-8BF0-18517B81EBE2}.Debug|x86.Build.0 = Debug|Any CPU
		{FD28B36F-A247-411A-8BF0-18517B81EBE2}.Release|Any CPU.ActiveCfg = Release|Any CPU
		{FD28B36F-A247-411A-8BF0-18517B81EBE2}.Release|Any CPU.Build.0 = Release|Any CPU
		{FD28B36F-A247-411A-8BF0-18517B81EBE2}.Release|x64.ActiveCfg = Release|Any CPU
		{FD28B36F-A247-411A-8BF0-18517B81EBE2}.Release|x64.Build.0 = Release|Any CPU
		{FD28B36F-A247-411A-8BF0-18517B81EBE2}.Release|x86.ActiveCfg = Release|Any CPU
		{FD28B36F-A247-411A-8BF0-18517B81EBE2}.Release|x86.Build.0 = Release|Any CPU
		{F08677E5-1D82-4586-AE1D-D1AC369A2B39}.Debug|Any CPU.ActiveCfg = Debug|Any CPU
		{F08677E5-1D82-4586-AE1D-D1AC369A2B39}.Debug|Any CPU.Build.0 = Debug|Any CPU
		{F08677E5-1D82-4586-AE1D-D1AC369A2B39}.Debug|x64.ActiveCfg = Debug|Any CPU
		{F08677E5-1D82-4586-AE1D-D1AC369A2B39}.Debug|x64.Build.0 = Debug|Any CPU
		{F08677E5-1D82-4586-AE1D-D1AC369A2B39}.Debug|x86.ActiveCfg = Debug|Any CPU
		{F08677E5-1D82-4586-AE1D-D1AC369A2B39}.Debug|x86.Build.0 = Debug|Any CPU
		{F08677E5-1D82-4586-AE1D-D1AC369A2B39}.Release|Any CPU.ActiveCfg = Release|Any CPU
		{F08677E5-1D82-4586-AE1D-D1AC369A2B39}.Release|Any CPU.Build.0 = Release|Any CPU
		{F08677E5-1D82-4586-AE1D-D1AC369A2B39}.Release|x64.ActiveCfg = Release|Any CPU
		{F08677E5-1D82-4586-AE1D-D1AC369A2B39}.Release|x64.Build.0 = Release|Any CPU
		{F08677E5-1D82-4586-AE1D-D1AC369A2B39}.Release|x86.ActiveCfg = Release|Any CPU
		{F08677E5-1D82-4586-AE1D-D1AC369A2B39}.Release|x86.Build.0 = Release|Any CPU
		{94237EBB-D843-4575-8426-09B7E4524AF9}.Debug|Any CPU.ActiveCfg = Debug|Any CPU
		{94237EBB-D843-4575-8426-09B7E4524AF9}.Debug|Any CPU.Build.0 = Debug|Any CPU
		{94237EBB-D843-4575-8426-09B7E4524AF9}.Debug|x64.ActiveCfg = Debug|Any CPU
		{94237EBB-D843-4575-8426-09B7E4524AF9}.Debug|x64.Build.0 = Debug|Any CPU
		{94237EBB-D843-4575-8426-09B7E4524AF9}.Debug|x86.ActiveCfg = Debug|Any CPU
		{94237EBB-D843-4575-8426-09B7E4524AF9}.Debug|x86.Build.0 = Debug|Any CPU
		{94237EBB-D843-4575-8426-09B7E4524AF9}.Release|Any CPU.ActiveCfg = Release|Any CPU
		{94237EBB-D843-4575-8426-09B7E4524AF9}.Release|Any CPU.Build.0 = Release|Any CPU
		{94237EBB-D843-4575-8426-09B7E4524AF9}.Release|x64.ActiveCfg = Release|Any CPU
		{94237EBB-D843-4575-8426-09B7E4524AF9}.Release|x64.Build.0 = Release|Any CPU
		{94237EBB-D843-4575-8426-09B7E4524AF9}.Release|x86.ActiveCfg = Release|Any CPU
		{94237EBB-D843-4575-8426-09B7E4524AF9}.Release|x86.Build.0 = Release|Any CPU
		{7C2D7D47-3718-4D2B-BE57-2276C06E7F34}.Debug|Any CPU.ActiveCfg = Debug|Any CPU
		{7C2D7D47-3718-4D2B-BE57-2276C06E7F34}.Debug|Any CPU.Build.0 = Debug|Any CPU
		{7C2D7D47-3718-4D2B-BE57-2276C06E7F34}.Debug|x64.ActiveCfg = Debug|Any CPU
		{7C2D7D47-3718-4D2B-BE57-2276C06E7F34}.Debug|x64.Build.0 = Debug|Any CPU
		{7C2D7D47-3718-4D2B-BE57-2276C06E7F34}.Debug|x86.ActiveCfg = Debug|Any CPU
		{7C2D7D47-3718-4D2B-BE57-2276C06E7F34}.Debug|x86.Build.0 = Debug|Any CPU
		{7C2D7D47-3718-4D2B-BE57-2276C06E7F34}.Release|Any CPU.ActiveCfg = Release|Any CPU
		{7C2D7D47-3718-4D2B-BE57-2276C06E7F34}.Release|Any CPU.Build.0 = Release|Any CPU
		{7C2D7D47-3718-4D2B-BE57-2276C06E7F34}.Release|x64.ActiveCfg = Release|Any CPU
		{7C2D7D47-3718-4D2B-BE57-2276C06E7F34}.Release|x64.Build.0 = Release|Any CPU
		{7C2D7D47-3718-4D2B-BE57-2276C06E7F34}.Release|x86.ActiveCfg = Release|Any CPU
		{7C2D7D47-3718-4D2B-BE57-2276C06E7F34}.Release|x86.Build.0 = Release|Any CPU
		{EADBBE65-3D8A-42E8-AB55-9E4F6CC24C9B}.Debug|Any CPU.ActiveCfg = Debug|Any CPU
		{EADBBE65-3D8A-42E8-AB55-9E4F6CC24C9B}.Debug|Any CPU.Build.0 = Debug|Any CPU
		{EADBBE65-3D8A-42E8-AB55-9E4F6CC24C9B}.Debug|x64.ActiveCfg = Debug|Any CPU
		{EADBBE65-3D8A-42E8-AB55-9E4F6CC24C9B}.Debug|x64.Build.0 = Debug|Any CPU
		{EADBBE65-3D8A-42E8-AB55-9E4F6CC24C9B}.Debug|x86.ActiveCfg = Debug|Any CPU
		{EADBBE65-3D8A-42E8-AB55-9E4F6CC24C9B}.Debug|x86.Build.0 = Debug|Any CPU
		{EADBBE65-3D8A-42E8-AB55-9E4F6CC24C9B}.Release|Any CPU.ActiveCfg = Release|Any CPU
		{EADBBE65-3D8A-42E8-AB55-9E4F6CC24C9B}.Release|Any CPU.Build.0 = Release|Any CPU
		{EADBBE65-3D8A-42E8-AB55-9E4F6CC24C9B}.Release|x64.ActiveCfg = Release|Any CPU
		{EADBBE65-3D8A-42E8-AB55-9E4F6CC24C9B}.Release|x64.Build.0 = Release|Any CPU
		{EADBBE65-3D8A-42E8-AB55-9E4F6CC24C9B}.Release|x86.ActiveCfg = Release|Any CPU
		{EADBBE65-3D8A-42E8-AB55-9E4F6CC24C9B}.Release|x86.Build.0 = Release|Any CPU
		{CBCD53C2-A61C-416D-9462-479F31C6E3F0}.Debug|Any CPU.ActiveCfg = Debug|Any CPU
		{CBCD53C2-A61C-416D-9462-479F31C6E3F0}.Debug|Any CPU.Build.0 = Debug|Any CPU
		{CBCD53C2-A61C-416D-9462-479F31C6E3F0}.Debug|x64.ActiveCfg = Debug|Any CPU
		{CBCD53C2-A61C-416D-9462-479F31C6E3F0}.Debug|x64.Build.0 = Debug|Any CPU
		{CBCD53C2-A61C-416D-9462-479F31C6E3F0}.Debug|x86.ActiveCfg = Debug|Any CPU
		{CBCD53C2-A61C-416D-9462-479F31C6E3F0}.Debug|x86.Build.0 = Debug|Any CPU
		{CBCD53C2-A61C-416D-9462-479F31C6E3F0}.Release|Any CPU.ActiveCfg = Release|Any CPU
		{CBCD53C2-A61C-416D-9462-479F31C6E3F0}.Release|Any CPU.Build.0 = Release|Any CPU
		{CBCD53C2-A61C-416D-9462-479F31C6E3F0}.Release|x64.ActiveCfg = Release|Any CPU
		{CBCD53C2-A61C-416D-9462-479F31C6E3F0}.Release|x64.Build.0 = Release|Any CPU
		{CBCD53C2-A61C-416D-9462-479F31C6E3F0}.Release|x86.ActiveCfg = Release|Any CPU
		{CBCD53C2-A61C-416D-9462-479F31C6E3F0}.Release|x86.Build.0 = Release|Any CPU
	EndGlobalSection
	GlobalSection(SolutionProperties) = preSolution
		HideSolutionNode = FALSE
	EndGlobalSection
	GlobalSection(NestedProjects) = preSolution
		{F08677E5-1D82-4586-AE1D-D1AC369A2B39} = {F8694E60-F1B4-42BD-BC40-A9186AA8A7B4}
		{94237EBB-D843-4575-8426-09B7E4524AF9} = {B2CE0BCE-DB62-4A34-B41F-7D61B245DB8F}
		{7C2D7D47-3718-4D2B-BE57-2276C06E7F34} = {EEDB8ED8-1856-4F83-9C0A-9374939E2F08}
		{EADBBE65-3D8A-42E8-AB55-9E4F6CC24C9B} = {5DB9983E-2C6C-4662-8FF6-41DDFB0C698A}
	EndGlobalSection
	GlobalSection(ExtensibilityGlobals) = postSolution
		SolutionGuid = {F13B37F2-3F08-4680-873E-B85ACC7F27F5}
	EndGlobalSection
EndGlobal
